Microsoft Visual Studio Solution File, Format Version 12.00
# Visual Studio 17
Project("{8BC9CEB8-8B4A-11D0-8D11-00A0C91BC942}") = "MultiAltizAlignment", "MultiAltizAlignment.vcxproj", "{8C311CE5-3231-463B-95A3-642A9B277888}"
EndProject
Global
	GlobalSection(SolutionConfigurationPlatforms) = preSolution
		Debug|x64 = Debug|x64
		Release|x64 = Release|x64
	EndGlobalSection
	GlobalSection(ProjectConfigurationPlatforms) = postSolution
		{8C311CE5-3231-463B-95A3-642A9B277888}.Debug|x64.ActiveCfg = Debug|x64
		{8C311CE5-3231-463B-95A3-642A9B277888}.Debug|x64.Build.0 = Debug|x64
		{8C311CE5-3231-463B-95A3-642A9B277888}.Release|x64.ActiveCfg = Release|x64
		{8C311CE5-3231-463B-95A3-642A9B277888}.Release|x64.Build.0 = Release|x64
	EndGlobalSection
	GlobalSection(SolutionProperties) = preSolution
		HideSolutionNode = FALSE
	EndGlobalSection
EndGlobal
